
Microsoft Visual Studio Solution File, Format Version 12.00
# Visual Studio Version 17
VisualStudioVersion = 17.4.33213.308
MinimumVisualStudioVersion = 10.0.40219.1
Project("{FAE04EC0-301F-11D3-BF4B-00C04F79EFBC}") = "WebApplication3", "WebApplication3.csproj", "{F140BB2C-02A1-44B3-8FE6-A246B35B52D9}"
EndProject
Global
	GlobalSection(SolutionConfigurationPlatforms) = preSolution
		Debug|Any CPU = Debug|Any CPU
		Release|Any CPU = Release|Any CPU
	EndGlobalSection
	GlobalSection(ProjectConfigurationPlatforms) = postSolution
		{F140BB2C-02A1-44B3-8FE6-A246B35B52D9}.Debug|Any CPU.ActiveCfg = Debug|Any CPU
		{F140BB2C-02A1-44B3-8FE6-A246B35B52D9}.Debug|Any CPU.Build.0 = Debug|Any CPU
		{F140BB2C-02A1-44B3-8FE6-A246B35B52D9}.Release|Any CPU.ActiveCfg = Release|Any CPU
		{F140BB2C-02A1-44B3-8FE6-A246B35B52D9}.Release|Any CPU.Build.0 = Release|Any CPU
	EndGlobalSection
	GlobalSection(SolutionProperties) = preSolution
		HideSolutionNode = FALSE
	EndGlobalSection
	GlobalSection(ExtensibilityGlobals) = postSolution
		SolutionGuid = {18F28379-44AB-4B9D-A28F-F974D0C3DD7C}
	EndGlobalSection
EndGlobal
